{
  "name": "ttstk-build",
  "version": "1.0.0",
  "lockfileVersion": 1,
  "requires": true,
  "dependencies": {
    "@matanlurey/tts-save-files": {
      "version": "git+https://github.com/matanlurey/tts-save-format.git#51bd3c56dae2a014dcba71a0b44042fb9b9ef251",
      "from": "git+https://github.com/matanlurey/tts-save-format.git",
      "dev": true
    }
  }
}
